// !$*UTF8*$!
{
	archiveVersion = 1;
	classes = {
	};
	objectVersion = 56;
	objects = {

/* Begin PBXBuildFile section */
		441835C429D5965F00904334 /* AppDelegate.swift in Sources */ = {isa = PBXBuildFile; fileRef = 441835C329D5965F00904334 /* AppDelegate.swift */; };
		441835C629D5965F00904334 /* SceneDelegate.swift in Sources */ = {isa = PBXBuildFile; fileRef = 441835C529D5965F00904334 /* SceneDelegate.swift */; };
		441835C829D5965F00904334 /* ViewController.swift in Sources */ = {isa = PBXBuildFile; fileRef = 441835C729D5965F00904334 /* ViewController.swift */; };
		441835CB29D5965F00904334 /* Main.storyboard in Resources */ = {isa = PBXBuildFile; fileRef = 441835C929D5965F00904334 /* Main.storyboard */; };
		441835CD29D5966300904334 /* Assets.xcassets in Resources */ = {isa = PBXBuildFile; fileRef = 441835CC29D5966300904334 /* Assets.xcassets */; };
		441835D029D5966300904334 /* LaunchScreen.storyboard in Resources */ = {isa = PBXBuildFile; fileRef = 441835CE29D5966300904334 /* LaunchScreen.storyboard */; };
		441835DE29D597DD00904334 /* F.wav in Resources */ = {isa = PBXBuildFile; fileRef = 441835D729D597DD00904334 /* F.wav */; };
		441835DF29D597DD00904334 /* E.wav in Resources */ = {isa = PBXBuildFile; fileRef = 441835D829D597DD00904334 /* E.wav */; };
		441835E029D597DD00904334 /* G.wav in Resources */ = {isa = PBXBuildFile; fileRef = 441835D929D597DD00904334 /* G.wav */; };
		441835E129D597DD00904334 /* C.wav in Resources */ = {isa = PBXBuildFile; fileRef = 441835DA29D597DD00904334 /* C.wav */; };
		441835E229D597DD00904334 /* D.wav in Resources */ = {isa = PBXBuildFile; fileRef = 441835DB29D597DD00904334 /* D.wav */; };
		441835E329D597DD00904334 /* A.wav in Resources */ = {isa = PBXBuildFile; fileRef = 441835DC29D597DD00904334 /* A.wav */; };
		441835E429D597DD00904334 /* B.wav in Resources */ = {isa = PBXBuildFile; fileRef = 441835DD29D597DD00904334 /* B.wav */; };
/* End PBXBuildFile section */

/* Begin PBXFileReference section */
		441835C029D5965F00904334 /* Xylophonee.app */ = {isa = PBXFileReference; explicitFileType = wrapper.application; includeInIndex = 0; path = Xylophonee.app; sourceTree = BUILT_PRODUCTS_DIR; };
		441835C329D5965F00904334 /* AppDelegate.swift */ = {isa = PBXFileReference; lastKnownFileType = sourcecode.swift; path = AppDelegate.swift; sourceTree = "<group>"; };
		441835C529D5965F00904334 /* SceneDelegate.swift */ = {isa = PBXFileReference; lastKnownFileType = sourcecode.swift; path = SceneDelegate.swift; sourceTree = "<group>"; };
		441835C729D5965F00904334 /* ViewController.swift */ = {isa = PBXFileReference; lastKnownFileType = sourcecode.swift; path = ViewController.swift; sourceTree = "<group>"; };
		441835CA29D5965F00904334 /* Base */ = {isa = PBXFileReference; lastKnownFileType = file.storyboard; name = Base; path = Base.lproj/Main.storyboard; sourceTree = "<group>"; };
		441835CC29D5966300904334 /* Assets.xcassets */ = {isa = PBXFileReference; lastKnownFileType = folder.assetcatalog; path = Assets.xcassets; sourceTree = "<group>"; };
		441835CF29D5966300904334 /* Base */ = {isa = PBXFileReference; lastKnownFileType = file.storyboard; name = Base; path = Base.lproj/LaunchScreen.storyboard; sourceTree = "<group>"; };
		441835D129D5966300904334 /* Info.plist */ = {isa = PBXFileReference; lastKnownFileType = text.plist.xml; path = Info.plist; sourceTree = "<group>"; };
		441835D729D597DD00904334 /* F.wav */ = {isa = PBXFileReference; lastKnownFileType = audio.wav; path = F.wav; sourceTree = "<group>"; };
		441835D829D597DD00904334 /* E.wav */ = {isa = PBXFileReference; lastKnownFileType = audio.wav; path = E.wav; sourceTree = "<group>"; };
		441835D929D597DD00904334 /* G.wav */ = {isa = PBXFileReference; lastKnownFileType = audio.wav; path = G.wav; sourceTree = "<group>"; };
		441835DA29D597DD00904334 /* C.wav */ = {isa = PBXFileReference; lastKnownFileType = audio.wav; path = C.wav; sourceTree = "<group>"; };
		441835DB29D597DD00904334 /* D.wav */ = {isa = PBXFileReference; lastKnownFileType = audio.wav; path = D.wav; sourceTree = "<group>"; };
		441835DC29D597DD00904334 /* A.wav */ = {isa = PBXFileReference; lastKnownFileType = audio.wav; path = A.wav; sourceTree = "<group>"; };
		441835DD29D597DD00904334 /* B.wav */ = {isa = PBXFileReference; lastKnownFileType = audio.wav; path = B.wav; sourceTree = "<group>"; };
/* End PBXFileReference section */

/* Begin PBXFrameworksBuildPhase section */
		441835BD29D5965F00904334 /* Frameworks */ = {
			isa = PBXFrameworksBuildPhase;
			buildActionMask = 2147483647;
			files = (
			);
			runOnlyForDeploymentPostprocessing = 0;
		};
/* End PBXFrameworksBuildPhase section */

/* Begin PBXGroup section */
		441835B729D5965F00904334 = {
			isa = PBXGroup;
			children = (
				441835C229D5965F00904334 /* Xylophonee */,
				441835C129D5965F00904334 /* Products */,
			);
			sourceTree = "<group>";
		};
		441835C129D5965F00904334 /* Products */ = {
			isa = PBXGroup;
			children = (
				441835C029D5965F00904334 /* Xylophonee.app */,
			);
			name = Products;
			sourceTree = "<group>";
		};
		441835C229D5965F00904334 /* Xylophonee */ = {
			isa = PBXGroup;
			children = (
				441835C329D5965F00904334 /* AppDelegate.swift */,
				441835C529D5965F00904334 /* SceneDelegate.swift */,
				441835C729D5965F00904334 /* ViewController.swift */,
				441835C929D5965F00904334 /* Main.storyboard */,
				441835CC29D5966300904334 /* Assets.xcassets */,
				441835CE29D5966300904334 /* LaunchScreen.storyboard */,
				441835D129D5966300904334 /* Info.plist */,
				441835E529D597E500904334 /* New Group */,
			);
			path = Xylophonee;
			sourceTree = "<group>";
		};
		441835E529D597E500904334 /* New Group */ = {
			isa = PBXGroup;
			children = (
				441835DC29D597DD00904334 /* A.wav */,
				441835DD29D597DD00904334 /* B.wav */,
				441835DA29D597DD00904334 /* C.wav */,
				441835DB29D597DD00904334 /* D.wav */,
				441835D829D597DD00904334 /* E.wav */,
				441835D729D597DD00904334 /* F.wav */,
				441835D929D597DD00904334 /* G.wav */,
			);
			path = "New Group";
			sourceTree = "<group>";
		};
/* End PBXGroup section */

/* Begin PBXNativeTarget section */
		441835BF29D5965F00904334 /* Xylophonee */ = {
			isa = PBXNativeTarget;
			buildConfigurationList = 441835D429D5966300904334 /* Build configuration list for PBXNativeTarget "Xylophonee" */;
			buildPhases = (
				441835BC29D5965F00904334 /* Sources */,
				441835BD29D5965F00904334 /* Frameworks */,
				441835BE29D5965F00904334 /* Resources */,
			);
			buildRules = (
			);
			dependencies = (
			);
			name = Xylophonee;
			productName = Xylophonee;
			productReference = 441835C029D5965F00904334 /* Xylophonee.app */;
			productType = "com.apple.product-type.application";
		};
/* End PBXNativeTarget section */

/* Begin PBXProject section */
		441835B829D5965F00904334 /* Project object */ = {
			isa = PBXProject;
			attributes = {
				BuildIndependentTargetsInParallel = 1;
				LastSwiftUpdateCheck = 1410;
				LastUpgradeCheck = 1410;
				TargetAttributes = {
					441835BF29D5965F00904334 = {
						CreatedOnToolsVersion = 14.1;
					};
				};
			};
			buildConfigurationList = 441835BB29D5965F00904334 /* Build configuration list for PBXProject "Xylophonee" */;
			compatibilityVersion = "Xcode 14.0";
			developmentRegion = en;
			hasScannedForEncodings = 0;
			knownRegions = (
				en,
				Base,
			);
			mainGroup = 441835B729D5965F00904334;
			productRefGroup = 441835C129D5965F00904334 /* Products */;
			projectDirPath = "";
			projectRoot = "";
			targets = (
				441835BF29D5965F00904334 /* Xylophonee */,
			);
		};
/* End PBXProject section */

/* Begin PBXResourcesBuildPhase section */
		441835BE29D5965F00904334 /* Resources */ = {
			isa = PBXResourcesBuildPhase;
			buildActionMask = 2147483647;
			files = (
				441835E329D597DD00904334 /* A.wav in Resources */,
				441835E429D597DD00904334 /* B.wav in Resources */,
				441835E029D597DD00904334 /* G.wav in Resources */,
				441835DF29D597DD00904334 /* E.wav in Resources */,
				441835D029D5966300904334 /* LaunchScreen.storyboard in Resources */,
				441835CD29D5966300904334 /* Assets.xcassets in Resources */,
				441835CB29D5965F00904334 /* Main.storyboard in Resources */,
				441835E229D597DD00904334 /* D.wav in Resources */,
				441835DE29D597DD00904334 /* F.wav in Resources */,
				441835E129D597DD00904334 /* C.wav in Resources */,
			);
			runOnlyForDeploymentPostprocessing = 0;
		};
/* End PBXResourcesBuildPhase section */

/* Begin PBXSourcesBuildPhase section */
		441835BC29D5965F00904334 /* Sources */ = {
			isa = PBXSourcesBuildPhase;
			buildActionMask = 2147483647;
			files = (
				441835C829D5965F00904334 /* ViewController.swift in Sources */,
				441835C429D5965F00904334 /* AppDelegate.swift in Sources */,
				441835C629D5965F00904334 /* SceneDelegate.swift in Sources */,
			);
			runOnlyForDeploymentPostprocessing = 0;
		};
/* End PBXSourcesBuildPhase section */

/* Begin PBXVariantGroup section */
		441835C929D5965F00904334 /* Main.storyboard */ = {
			isa = PBXVariantGroup;
			children = (
				441835CA29D5965F00904334 /* Base */,
			);
			name = Main.storyboard;
			sourceTree = "<group>";
		};
		441835CE29D5966300904334 /* LaunchScreen.storyboard */ = {
			isa = PBXVariantGroup;
			children = (
				441835CF29D5966300904334 /* Base */,
			);
			name = LaunchScreen.storyboard;
			sourceTree = "<group>";
		};
/* End PBXVariantGroup section */

/* Begin XCBuildConfiguration section */
		441835D229D5966300904334 /* Debug */ = {
			isa = XCBuildConfiguration;
			buildSettings = {
				ALWAYS_SEARCH_USER_PATHS = NO;
				CLANG_ANALYZER_NONNULL = YES;
				CLANG_ANALYZER_NUMBER_OBJECT_CONVERSION = YES_AGGRESSIVE;
				CLANG_CXX_LANGUAGE_STANDARD = "gnu++20";
				CLANG_ENABLE_MODULES = YES;
				CLANG_ENABLE_OBJC_ARC = YES;
				CLANG_ENABLE_OBJC_WEAK = YES;
				CLANG_WARN_BLOCK_CAPTURE_AUTORELEASING = YES;
				CLANG_WARN_BOOL_CONVERSION = YES;
				CLANG_WARN_COMMA = YES;
				CLANG_WARN_CONSTANT_CONVERSION = YES;
				CLANG_WARN_DEPRECATED_OBJC_IMPLEMENTATIONS = YES;
				CLANG_WARN_DIRECT_OBJC_ISA_USAGE = YES_ERROR;
				CLANG_WARN_DOCUMENTATION_COMMENTS = YES;
				CLANG_WARN_EMPTY_BODY = YES;
				CLANG_WARN_ENUM_CONVERSION = YES;
				CLANG_WARN_INFINITE_RECURSION = YES;
				CLANG_WARN_INT_CONVERSION = YES;
				CLANG_WARN_NON_LITERAL_NULL_CONVERSION = YES;
				CLANG_WARN_OBJC_IMPLICIT_RETAIN_SELF = YES;
				CLANG_WARN_OBJC_LITERAL_CONVERSION = YES;
				CLANG_WARN_OBJC_ROOT_CLASS = YES_ERROR;
				CLANG_WARN_QUOTED_INCLUDE_IN_FRAMEWORK_HEADER = YES;
				CLANG_WARN_RANGE_LOOP_ANALYSIS = YES;
				CLANG_WARN_STRICT_PROTOTYPES = YES;
				CLANG_WARN_SUSPICIOUS_MOVE = YES;
				CLANG_WARN_UNGUARDED_AVAILABILITY = YES_AGGRESSIVE;
				CLANG_WARN_UNREACHABLE_CODE = YES;
				CLANG_WARN__DUPLICATE_METHOD_MATCH = YES;
				COPY_PHASE_STRIP = NO;
				DEBUG_INFORMATION_FORMAT = dwarf;
				ENABLE_STRICT_OBJC_MSGSEND = YES;
				ENABLE_TESTABILITY = YES;
				GCC_C_LANGUAGE_STANDARD = gnu11;
				GCC_DYNAMIC_NO_PIC = NO;
				GCC_NO_COMMON_BLOCKS = YES;
				GCC_OPTIMIZATION_LEVEL = 0;
				GCC_PREPROCESSOR_DEFINITIONS = (
					"DEBUG=1",
					"$(inherited)",
				);
				GCC_WARN_64_TO_32_BIT_CONVERSION = YES;
				GCC_WARN_ABOUT_RETURN_TYPE = YES_ERROR;
				GCC_WARN_UNDECLARED_SELECTOR = YES;
				GCC_WARN_UNINITIALIZED_AUTOS = YES_AGGRESSIVE;
				GCC_WARN_UNUSED_FUNCTION = YES;
				GCC_WARN_UNUSED_VARIABLE = YES;
				IPHONEOS_DEPLOYMENT_TARGET = 16.1;
				MTL_ENABLE_DEBUG_INFO = INCLUDE_SOURCE;
				MTL_FAST_MATH = YES;
				ONLY_ACTIVE_ARCH = YES;
				SDKROOT = iphoneos;
				SWIFT_ACTIVE_COMPILATION_CONDITIONS = DEBUG;
				SWIFT_OPTIMIZATION_LEVEL = "-Onone";
			};
			name = Debug;
		};
		441835D329D5966300904334 /* Release */ = {
			isa = XCBuildConfiguration;
			buildSettings = {
				ALWAYS_SEARCH_USER_PATHS = NO;
				CLANG_ANALYZER_NONNULL = YES;
				CLANG_ANALYZER_NUMBER_OBJECT_CONVERSION = YES_AGGRESSIVE;
				CLANG_CXX_LANGUAGE_STANDARD = "gnu++20";
				CLANG_ENABLE_MODULES = YES;
				CLANG_ENABLE_OBJC_ARC = YES;
				CLANG_ENABLE_OBJC_WEAK = YES;
				CLANG_WARN_BLOCK_CAPTURE_AUTORELEASING = YES;
				CLANG_WARN_BOOL_CONVERSION = YES;
				CLANG_WARN_COMMA = YES;
				CLANG_WARN_CONSTANT_CONVERSION = YES;
				CLANG_WARN_DEPRECATED_OBJC_IMPLEMENTATIONS = YES;
				CLANG_WARN_DIRECT_OBJC_ISA_USAGE = YES_ERROR;
				CLANG_WARN_DOCUMENTATION_COMMENTS = YES;
				CLANG_WARN_EMPTY_BODY = YES;
				CLANG_WARN_ENUM_CONVERSION = YES;
				CLANG_WARN_INFINITE_RECURSION = YES;
				CLANG_WARN_INT_CONVERSION = YES;
				CLANG_WARN_NON_LITERAL_NULL_CONVERSION = YES;
				CLANG_WARN_OBJC_IMPLICIT_RETAIN_SELF = YES;
				CLANG_WARN_OBJC_LITERAL_CONVERSION = YES;
				CLANG_WARN_OBJC_ROOT_CLASS = YES_ERROR;
				CLANG_WARN_QUOTED_INCLUDE_IN_FRAMEWORK_HEADER = YES;
				CLANG_WARN_RANGE_LOOP_ANALYSIS = YES;
				CLANG_WARN_STRICT_PROTOTYPES = YES;
				CLANG_WARN_SUSPICIOUS_MOVE = YES;
				CLANG_WARN_UNGUARDED_AVAILABILITY = YES_AGGRESSIVE;
				CLANG_WARN_UNREACHABLE_CODE = YES;
				CLANG_WARN__DUPLICATE_METHOD_MATCH = YES;
				COPY_PHASE_STRIP = NO;
				DEBUG_INFORMATION_FORMAT = "dwarf-with-dsym";
				ENABLE_NS_ASSERTIONS = NO;
				ENABLE_STRICT_OBJC_MSGSEND = YES;
				GCC_C_LANGUAGE_STANDARD = gnu11;
				GCC_NO_COMMON_BLOCKS = YES;
				GCC_WARN_64_TO_32_BIT_CONVERSION = YES;
				GCC_WARN_ABOUT_RETURN_TYPE = YES_ERROR;
				GCC_WARN_UNDECLARED_SELECTOR = YES;
				GCC_WARN_UNINITIALIZED_AUTOS = YES_AGGRESSIVE;
				GCC_WARN_UNUSED_FUNCTION = YES;
				GCC_WARN_UNUSED_VARIABLE = YES;
				IPHONEOS_DEPLOYMENT_TARGET = 16.1;
				MTL_ENABLE_DEBUG_INFO = NO;
				MTL_FAST_MATH = YES;
				SDKROOT = iphoneos;
				SWIFT_COMPILATION_MODE = wholemodule;
				SWIFT_OPTIMIZATION_LEVEL = "-O";
				VALIDATE_PRODUCT = YES;
			};
			name = Release;
		};
		441835D529D5966300904334 /* Debug */ = {
			isa = XCBuildConfiguration;
			buildSettings = {
				ASSETCATALOG_COMPILER_APPICON_NAME = AppIcon;
				ASSETCATALOG_COMPILER_GLOBAL_ACCENT_COLOR_NAME = AccentColor;
				CODE_SIGN_STYLE = Automatic;
				CURRENT_PROJECT_VERSION = 1;
				DEVELOPMENT_TEAM = LJYWUZD2J3;
				GENERATE_INFOPLIST_FILE = YES;
				INFOPLIST_FILE = Xylophonee/Info.plist;
				INFOPLIST_KEY_UIApplicationSupportsIndirectInputEvents = YES;
				INFOPLIST_KEY_UILaunchStoryboardName = LaunchScreen;
				INFOPLIST_KEY_UIMainStoryboardFile = Main;
				INFOPLIST_KEY_UISupportedInterfaceOrientations = UIInterfaceOrientationPortrait;
				INFOPLIST_KEY_UISupportedInterfaceOrientations_iPad = "UIInterfaceOrientationLandscapeLeft UIInterfaceOrientationLandscapeRight UIInterfaceOrientationPortrait UIInterfaceOrientationPortraitUpsideDown";
				IPHONEOS_DEPLOYMENT_TARGET = 13.0;
				LD_RUNPATH_SEARCH_PATHS = (
					"$(inherited)",
					"@executable_path/Frameworks",
				);
				MARKETING_VERSION = 1.0;
				PRODUCT_BUNDLE_IDENTIFIER = com.ekzhitnikov.Xylophonee;
				PRODUCT_NAME = "$(TARGET_NAME)";
				SUPPORTED_PLATFORMS = "iphoneos iphonesimulator";
				SUPPORTS_MACCATALYST = NO;
				SUPPORTS_MAC_DESIGNED_FOR_IPHONE_IPAD = YES;
				SWIFT_EMIT_LOC_STRINGS = YES;
				SWIFT_VERSION = 5.0;
				TARGETED_DEVICE_FAMILY = 1;
			};
			name = Debug;
		};
		441835D629D5966300904334 /* Release */ = {
			isa = XCBuildConfiguration;
			buildSettings = {
				ASSETCATALOG_COMPILER_APPICON_NAME = AppIcon;
				ASSETCATALOG_COMPILER_GLOBAL_ACCENT_COLOR_NAME = AccentColor;
				CODE_SIGN_STYLE = Automatic;
				CURRENT_PROJECT_VERSION = 1;
				DEVELOPMENT_TEAM = LJYWUZD2J3;
				GENERATE_INFOPLIST_FILE = YES;
				INFOPLIST_FILE = Xylophonee/Info.plist;
				INFOPLIST_KEY_UIApplicationSupportsIndirectInputEvents = YES;
				INFOPLIST_KEY_UILaunchStoryboardName = LaunchScreen;
				INFOPLIST_KEY_UIMainStoryboardFile = Main;
				INFOPLIST_KEY_UISupportedInterfaceOrientations = UIInterfaceOrientationPortrait;
				INFOPLIST_KEY_UISupportedInterfaceOrientations_iPad = "UIInterfaceOrientationLandscapeLeft UIInterfaceOrientationLandscapeRight UIInterfaceOrientationPortrait UIInterfaceOrientationPortraitUpsideDown";
				IPHONEOS_DEPLOYMENT_TARGET = 13.0;
				LD_RUNPATH_SEARCH_PATHS = (
					"$(inherited)",
					"@executable_path/Frameworks",
				);
				MARKETING_VERSION = 1.0;
				PRODUCT_BUNDLE_IDENTIFIER = com.ekzhitnikov.Xylophonee;
				PRODUCT_NAME = "$(TARGET_NAME)";
				SUPPORTED_PLATFORMS = "iphoneos iphonesimulator";
				SUPPORTS_MACCATALYST = NO;
				SUPPORTS_MAC_DESIGNED_FOR_IPHONE_IPAD = YES;
				SWIFT_EMIT_LOC_STRINGS = YES;
				SWIFT_VERSION = 5.0;
				TARGETED_DEVICE_FAMILY = 1;
			};
			name = Release;
		};
/* End XCBuildConfiguration section */

/* Begin XCConfigurationList section */
		441835BB29D5965F00904334 /* Build configuration list for PBXProject "Xylophonee" */ = {
			isa = XCConfigurationList;
			buildConfigurations = (
				441835D229D5966300904334 /* Debug */,
				441835D329D5966300904334 /* Release */,
			);
			defaultConfigurationIsVisible = 0;
			defaultConfigurationName = Release;
		};
		441835D429D5966300904334 /* Build configuration list for PBXNativeTarget "Xylophonee" */ = {
			isa = XCConfigurationList;
			buildConfigurations = (
				441835D529D5966300904334 /* Debug */,
				441835D629D5966300904334 /* Release */,
			);
			defaultConfigurationIsVisible = 0;
			defaultConfigurationName = Release;
		};
/* End XCConfigurationList section */
	};
	rootObject = 441835B829D5965F00904334 /* Project object */;
}
